{
  "name": "ruletrace",
  "version": "0.1.0",
  "lockfileVersion": 3,
  "requires": true,
  "packages": {
    "": {
      "name": "ruletrace",
      "version": "0.1.0",
      "license": "MIT",
      "bin": {
        "ruletrace": "bin/ruletrace.js"
      },
      "engines": {
        "node": ">=20"
      }
    }
  }
}
